// !$*UTF8*$!
{
	archiveVersion = 1;
	classes = {
	};
	objectVersion = 46;
	objects = {

/* Begin PBXBuildFile section */
		3836F8021A6BC9D800599C72 /* BLBook.m in Sources */ = {isa = PBXBuildFile; fileRef = 3836F8011A6BC9D800599C72 /* BLBook.m */; };
		3836F8031A6BC9D800599C72 /* BLBook.m in Sources */ = {isa = PBXBuildFile; fileRef = 3836F8011A6BC9D800599C72 /* BLBook.m */; };
		3842E50E1A6BCDF900FE8A9B /* BLUser.m in Sources */ = {isa = PBXBuildFile; fileRef = 3842E50D1A6BCDF900FE8A9B /* BLUser.m */; };
		F202CA031A6C050B006C1B33 /* BLBookCollectionViewCell.m in Sources */ = {isa = PBXBuildFile; fileRef = F202CA021A6C050B006C1B33 /* BLBookCollectionViewCell.m */; };
		F230BBEE1A6BA78700273924 /* main.m in Sources */ = {isa = PBXBuildFile; fileRef = F230BBED1A6BA78700273924 /* main.m */; };
		F230BBF11A6BA78700273924 /* AppDelegate.m in Sources */ = {isa = PBXBuildFile; fileRef = F230BBF01A6BA78700273924 /* AppDelegate.m */; };
		F230BBF41A6BA78700273924 /* Barter_Li.xcdatamodeld in Sources */ = {isa = PBXBuildFile; fileRef = F230BBF21A6BA78700273924 /* Barter_Li.xcdatamodeld */; };
		F230BBF71A6BA78700273924 /* ViewController.m in Sources */ = {isa = PBXBuildFile; fileRef = F230BBF61A6BA78700273924 /* ViewController.m */; };
		F230BBFA1A6BA78700273924 /* Main.storyboard in Resources */ = {isa = PBXBuildFile; fileRef = F230BBF81A6BA78700273924 /* Main.storyboard */; };
		F230BBFC1A6BA78700273924 /* Images.xcassets in Resources */ = {isa = PBXBuildFile; fileRef = F230BBFB1A6BA78700273924 /* Images.xcassets */; };
		F230BBFF1A6BA78700273924 /* LaunchScreen.xib in Resources */ = {isa = PBXBuildFile; fileRef = F230BBFD1A6BA78700273924 /* LaunchScreen.xib */; };
		F230BC0B1A6BA78700273924 /* Barter_LiTests.m in Sources */ = {isa = PBXBuildFile; fileRef = F230BC0A1A6BA78700273924 /* Barter_LiTests.m */; };
/* End PBXBuildFile section */

/* Begin PBXContainerItemProxy section */
		F230BC051A6BA78700273924 /* PBXContainerItemProxy */ = {
			isa = PBXContainerItemProxy;
			containerPortal = F230BBE01A6BA78700273924 /* Project object */;
			proxyType = 1;
			remoteGlobalIDString = F230BBE71A6BA78700273924;
			remoteInfo = Barter.Li;
		};
/* End PBXContainerItemProxy section */

/* Begin PBXFileReference section */
		3836F8001A6BC9D800599C72 /* BLBook.h */ = {isa = PBXFileReference; fileEncoding = 4; lastKnownFileType = sourcecode.c.h; name = BLBook.h; path = "barter.li/Modal Classes/BLBook/BLBook.h"; sourceTree = SOURCE_ROOT; };
		3836F8011A6BC9D800599C72 /* BLBook.m */ = {isa = PBXFileReference; fileEncoding = 4; lastKnownFileType = sourcecode.c.objc; name = BLBook.m; path = "barter.li/Modal Classes/BLBook/BLBook.m"; sourceTree = SOURCE_ROOT; };
		3842E50C1A6BCDF900FE8A9B /* BLUser.h */ = {isa = PBXFileReference; fileEncoding = 4; lastKnownFileType = sourcecode.c.h; name = BLUser.h; path = "barter.li/Modal Classes/BLUser/BLUser.h"; sourceTree = SOURCE_ROOT; };
		3842E50D1A6BCDF900FE8A9B /* BLUser.m */ = {isa = PBXFileReference; fileEncoding = 4; lastKnownFileType = sourcecode.c.objc; name = BLUser.m; path = "barter.li/Modal Classes/BLUser/BLUser.m"; sourceTree = SOURCE_ROOT; };
		F202CA011A6C050B006C1B33 /* BLBookCollectionViewCell.h */ = {isa = PBXFileReference; fileEncoding = 4; lastKnownFileType = sourcecode.c.h; name = BLBookCollectionViewCell.h; path = "barter.li/View Classes/BLBookCollectionViewCell/BLBookCollectionViewCell.h"; sourceTree = SOURCE_ROOT; };
		F202CA021A6C050B006C1B33 /* BLBookCollectionViewCell.m */ = {isa = PBXFileReference; fileEncoding = 4; lastKnownFileType = sourcecode.c.objc; name = BLBookCollectionViewCell.m; path = "barter.li/View Classes/BLBookCollectionViewCell/BLBookCollectionViewCell.m"; sourceTree = SOURCE_ROOT; };
		F230BBE81A6BA78700273924 /* Barter.Li.app */ = {isa = PBXFileReference; explicitFileType = wrapper.application; includeInIndex = 0; path = Barter.Li.app; sourceTree = BUILT_PRODUCTS_DIR; };
		F230BBEC1A6BA78700273924 /* Info.plist */ = {isa = PBXFileReference; lastKnownFileType = text.plist.xml; path = Info.plist; sourceTree = "<group>"; };
		F230BBED1A6BA78700273924 /* main.m */ = {isa = PBXFileReference; lastKnownFileType = sourcecode.c.objc; path = main.m; sourceTree = "<group>"; };
		F230BBEF1A6BA78700273924 /* AppDelegate.h */ = {isa = PBXFileReference; lastKnownFileType = sourcecode.c.h; path = AppDelegate.h; sourceTree = "<group>"; };
		F230BBF01A6BA78700273924 /* AppDelegate.m */ = {isa = PBXFileReference; lastKnownFileType = sourcecode.c.objc; path = AppDelegate.m; sourceTree = "<group>"; };
		F230BBF31A6BA78700273924 /* Barter_Li.xcdatamodel */ = {isa = PBXFileReference; lastKnownFileType = wrapper.xcdatamodel; path = Barter_Li.xcdatamodel; sourceTree = "<group>"; };
		F230BBF51A6BA78700273924 /* ViewController.h */ = {isa = PBXFileReference; lastKnownFileType = sourcecode.c.h; path = ViewController.h; sourceTree = "<group>"; };
		F230BBF61A6BA78700273924 /* ViewController.m */ = {isa = PBXFileReference; lastKnownFileType = sourcecode.c.objc; path = ViewController.m; sourceTree = "<group>"; };
		F230BBF91A6BA78700273924 /* Base */ = {isa = PBXFileReference; lastKnownFileType = file.storyboard; name = Base; path = Base.lproj/Main.storyboard; sourceTree = "<group>"; };
		F230BBFB1A6BA78700273924 /* Images.xcassets */ = {isa = PBXFileReference; lastKnownFileType = folder.assetcatalog; path = Images.xcassets; sourceTree = "<group>"; };
		F230BBFE1A6BA78700273924 /* Base */ = {isa = PBXFileReference; lastKnownFileType = file.xib; name = Base; path = Base.lproj/LaunchScreen.xib; sourceTree = "<group>"; };
		F230BC041A6BA78700273924 /* Barter.LiTests.xctest */ = {isa = PBXFileReference; explicitFileType = wrapper.cfbundle; includeInIndex = 0; path = Barter.LiTests.xctest; sourceTree = BUILT_PRODUCTS_DIR; };
		F230BC091A6BA78700273924 /* Info.plist */ = {isa = PBXFileReference; lastKnownFileType = text.plist.xml; path = Info.plist; sourceTree = "<group>"; };
		F230BC0A1A6BA78700273924 /* Barter_LiTests.m */ = {isa = PBXFileReference; lastKnownFileType = sourcecode.c.objc; path = Barter_LiTests.m; sourceTree = "<group>"; };
/* End PBXFileReference section */

/* Begin PBXFrameworksBuildPhase section */
		F230BBE51A6BA78700273924 /* Frameworks */ = {
			isa = PBXFrameworksBuildPhase;
			buildActionMask = 2147483647;
			files = (
			);
			runOnlyForDeploymentPostprocessing = 0;
		};
		F230BC011A6BA78700273924 /* Frameworks */ = {
			isa = PBXFrameworksBuildPhase;
			buildActionMask = 2147483647;
			files = (
			);
			runOnlyForDeploymentPostprocessing = 0;
		};
/* End PBXFrameworksBuildPhase section */

/* Begin PBXGroup section */
		3836F7FE1A6BC99D00599C72 /* Modal Classes */ = {
			isa = PBXGroup;
			children = (
				3842E50B1A6BCDE400FE8A9B /* BLUser */,
				3836F7FF1A6BC9AD00599C72 /* BLBook */,
			);
			path = "Modal Classes";
			sourceTree = "<group>";
		};
		3836F7FF1A6BC9AD00599C72 /* BLBook */ = {
			isa = PBXGroup;
			children = (
				3836F8001A6BC9D800599C72 /* BLBook.h */,
				3836F8011A6BC9D800599C72 /* BLBook.m */,
			);
			path = BLBook;
			sourceTree = "<group>";
		};
		3842E50B1A6BCDE400FE8A9B /* BLUser */ = {
			isa = PBXGroup;
			children = (
				3842E50C1A6BCDF900FE8A9B /* BLUser.h */,
				3842E50D1A6BCDF900FE8A9B /* BLUser.m */,
			);
			path = BLUser;
			sourceTree = "<group>";
		};
		F202CA041A6C0513006C1B33 /* BLBookCollectionViewCell */ = {
			isa = PBXGroup;
			children = (
				F202CA011A6C050B006C1B33 /* BLBookCollectionViewCell.h */,
				F202CA021A6C050B006C1B33 /* BLBookCollectionViewCell.m */,
			);
			name = BLBookCollectionViewCell;
			sourceTree = "<group>";
		};
		F202CA051A6C052B006C1B33 /* View Classes */ = {
			isa = PBXGroup;
			children = (
				F202CA041A6C0513006C1B33 /* BLBookCollectionViewCell */,
			);
			name = "View Classes";
			sourceTree = "<group>";
		};
		F230BBDF1A6BA78700273924 = {
			isa = PBXGroup;
			children = (
				F230BBEA1A6BA78700273924 /* Barter.Li */,
				F230BC071A6BA78700273924 /* Barter.LiTests */,
				F230BBE91A6BA78700273924 /* Products */,
			);
			sourceTree = "<group>";
		};
		F230BBE91A6BA78700273924 /* Products */ = {
			isa = PBXGroup;
			children = (
				F230BBE81A6BA78700273924 /* Barter.Li.app */,
				F230BC041A6BA78700273924 /* Barter.LiTests.xctest */,
			);
			name = Products;
			sourceTree = "<group>";
		};
		F230BBEA1A6BA78700273924 /* Barter.Li */ = {
			isa = PBXGroup;
			children = (
				F230BBEF1A6BA78700273924 /* AppDelegate.h */,
				F230BBF01A6BA78700273924 /* AppDelegate.m */,
				F202CA051A6C052B006C1B33 /* View Classes */,
				3836F7FE1A6BC99D00599C72 /* Modal Classes */,
				F281C5781A6C071900FE5993 /* View Controllers */,
				F230BBF81A6BA78700273924 /* Main.storyboard */,
				F230BBFB1A6BA78700273924 /* Images.xcassets */,
				F230BBFD1A6BA78700273924 /* LaunchScreen.xib */,
				F230BBF21A6BA78700273924 /* Barter_Li.xcdatamodeld */,
				F230BBEB1A6BA78700273924 /* Supporting Files */,
			);
			path = Barter.Li;
			sourceTree = "<group>";
		};
		F230BBEB1A6BA78700273924 /* Supporting Files */ = {
			isa = PBXGroup;
			children = (
				F230BBEC1A6BA78700273924 /* Info.plist */,
				F230BBED1A6BA78700273924 /* main.m */,
			);
			name = "Supporting Files";
			sourceTree = "<group>";
		};
		F230BC071A6BA78700273924 /* Barter.LiTests */ = {
			isa = PBXGroup;
			children = (
				F230BC0A1A6BA78700273924 /* Barter_LiTests.m */,
				F230BC081A6BA78700273924 /* Supporting Files */,
			);
			path = Barter.LiTests;
			sourceTree = "<group>";
		};
		F230BC081A6BA78700273924 /* Supporting Files */ = {
			isa = PBXGroup;
			children = (
				F230BC091A6BA78700273924 /* Info.plist */,
			);
			name = "Supporting Files";
			sourceTree = "<group>";
		};
		F281C5781A6C071900FE5993 /* View Controllers */ = {
			isa = PBXGroup;
			children = (
				F230BBF51A6BA78700273924 /* ViewController.h */,
				F230BBF61A6BA78700273924 /* ViewController.m */,
			);
			name = "View Controllers";
			sourceTree = "<group>";
		};
/* End PBXGroup section */

/* Begin PBXNativeTarget section */
		F230BBE71A6BA78700273924 /* Barter.Li */ = {
			isa = PBXNativeTarget;
			buildConfigurationList = F230BC0E1A6BA78700273924 /* Build configuration list for PBXNativeTarget "Barter.Li" */;
			buildPhases = (
				F230BBE41A6BA78700273924 /* Sources */,
				F230BBE51A6BA78700273924 /* Frameworks */,
				F230BBE61A6BA78700273924 /* Resources */,
			);
			buildRules = (
			);
			dependencies = (
			);
			name = Barter.Li;
			productName = Barter.Li;
			productReference = F230BBE81A6BA78700273924 /* Barter.Li.app */;
			productType = "com.apple.product-type.application";
		};
		F230BC031A6BA78700273924 /* Barter.LiTests */ = {
			isa = PBXNativeTarget;
			buildConfigurationList = F230BC111A6BA78700273924 /* Build configuration list for PBXNativeTarget "Barter.LiTests" */;
			buildPhases = (
				F230BC001A6BA78700273924 /* Sources */,
				F230BC011A6BA78700273924 /* Frameworks */,
				F230BC021A6BA78700273924 /* Resources */,
			);
			buildRules = (
			);
			dependencies = (
				F230BC061A6BA78700273924 /* PBXTargetDependency */,
			);
			name = Barter.LiTests;
			productName = Barter.LiTests;
			productReference = F230BC041A6BA78700273924 /* Barter.LiTests.xctest */;
			productType = "com.apple.product-type.bundle.unit-test";
		};
/* End PBXNativeTarget section */

/* Begin PBXProject section */
		F230BBE01A6BA78700273924 /* Project object */ = {
			isa = PBXProject;
			attributes = {
				LastUpgradeCheck = 0610;
				ORGANIZATIONNAME = Barter.Li;
				TargetAttributes = {
					F230BBE71A6BA78700273924 = {
						CreatedOnToolsVersion = 6.1.1;
					};
					F230BC031A6BA78700273924 = {
						CreatedOnToolsVersion = 6.1.1;
						TestTargetID = F230BBE71A6BA78700273924;
					};
				};
			};
			buildConfigurationList = F230BBE31A6BA78700273924 /* Build configuration list for PBXProject "barter.li" */;
			compatibilityVersion = "Xcode 3.2";
			developmentRegion = English;
			hasScannedForEncodings = 0;
			knownRegions = (
				en,
				Base,
			);
			mainGroup = F230BBDF1A6BA78700273924;
			productRefGroup = F230BBE91A6BA78700273924 /* Products */;
			projectDirPath = "";
			projectRoot = "";
			targets = (
				F230BBE71A6BA78700273924 /* Barter.Li */,
				F230BC031A6BA78700273924 /* Barter.LiTests */,
			);
		};
/* End PBXProject section */

/* Begin PBXResourcesBuildPhase section */
		F230BBE61A6BA78700273924 /* Resources */ = {
			isa = PBXResourcesBuildPhase;
			buildActionMask = 2147483647;
			files = (
				F230BBFA1A6BA78700273924 /* Main.storyboard in Resources */,
				F230BBFF1A6BA78700273924 /* LaunchScreen.xib in Resources */,
				F230BBFC1A6BA78700273924 /* Images.xcassets in Resources */,
			);
			runOnlyForDeploymentPostprocessing = 0;
		};
		F230BC021A6BA78700273924 /* Resources */ = {
			isa = PBXResourcesBuildPhase;
			buildActionMask = 2147483647;
			files = (
			);
			runOnlyForDeploymentPostprocessing = 0;
		};
/* End PBXResourcesBuildPhase section */

/* Begin PBXSourcesBuildPhase section */
		F230BBE41A6BA78700273924 /* Sources */ = {
			isa = PBXSourcesBuildPhase;
			buildActionMask = 2147483647;
			files = (
				F230BBF41A6BA78700273924 /* Barter_Li.xcdatamodeld in Sources */,
				F230BBF11A6BA78700273924 /* AppDelegate.m in Sources */,
				F230BBF71A6BA78700273924 /* ViewController.m in Sources */,
				3836F8021A6BC9D800599C72 /* BLBook.m in Sources */,
				3842E50E1A6BCDF900FE8A9B /* BLUser.m in Sources */,
				F202CA031A6C050B006C1B33 /* BLBookCollectionViewCell.m in Sources */,
				F230BBEE1A6BA78700273924 /* main.m in Sources */,
			);
			runOnlyForDeploymentPostprocessing = 0;
		};
		F230BC001A6BA78700273924 /* Sources */ = {
			isa = PBXSourcesBuildPhase;
			buildActionMask = 2147483647;
			files = (
				3836F8031A6BC9D800599C72 /* BLBook.m in Sources */,
				F230BC0B1A6BA78700273924 /* Barter_LiTests.m in Sources */,
			);
			runOnlyForDeploymentPostprocessing = 0;
		};
/* End PBXSourcesBuildPhase section */

/* Begin PBXTargetDependency section */
		F230BC061A6BA78700273924 /* PBXTargetDependency */ = {
			isa = PBXTargetDependency;
			target = F230BBE71A6BA78700273924 /* Barter.Li */;
			targetProxy = F230BC051A6BA78700273924 /* PBXContainerItemProxy */;
		};
/* End PBXTargetDependency section */

/* Begin PBXVariantGroup section */
		F230BBF81A6BA78700273924 /* Main.storyboard */ = {
			isa = PBXVariantGroup;
			children = (
				F230BBF91A6BA78700273924 /* Base */,
			);
			name = Main.storyboard;
			sourceTree = "<group>";
		};
		F230BBFD1A6BA78700273924 /* LaunchScreen.xib */ = {
			isa = PBXVariantGroup;
			children = (
				F230BBFE1A6BA78700273924 /* Base */,
			);
			name = LaunchScreen.xib;
			sourceTree = "<group>";
		};
/* End PBXVariantGroup section */

/* Begin XCBuildConfiguration section */
		F230BC0C1A6BA78700273924 /* Debug */ = {
			isa = XCBuildConfiguration;
			buildSettings = {
				ALWAYS_SEARCH_USER_PATHS = NO;
				CLANG_CXX_LANGUAGE_STANDARD = "gnu++0x";
				CLANG_CXX_LIBRARY = "libc++";
				CLANG_ENABLE_MODULES = YES;
				CLANG_ENABLE_OBJC_ARC = YES;
				CLANG_WARN_BOOL_CONVERSION = YES;
				CLANG_WARN_CONSTANT_CONVERSION = YES;
				CLANG_WARN_DIRECT_OBJC_ISA_USAGE = YES_ERROR;
				CLANG_WARN_EMPTY_BODY = YES;
				CLANG_WARN_ENUM_CONVERSION = YES;
				CLANG_WARN_INT_CONVERSION = YES;
				CLANG_WARN_OBJC_ROOT_CLASS = YES_ERROR;
				CLANG_WARN_UNREACHABLE_CODE = YES;
				CLANG_WARN__DUPLICATE_METHOD_MATCH = YES;
				"CODE_SIGN_IDENTITY[sdk=iphoneos*]" = "iPhone Developer";
				COPY_PHASE_STRIP = NO;
				ENABLE_STRICT_OBJC_MSGSEND = YES;
				GCC_C_LANGUAGE_STANDARD = gnu99;
				GCC_DYNAMIC_NO_PIC = NO;
				GCC_OPTIMIZATION_LEVEL = 0;
				GCC_PREPROCESSOR_DEFINITIONS = (
					"DEBUG=1",
					"$(inherited)",
				);
				GCC_SYMBOLS_PRIVATE_EXTERN = NO;
				GCC_WARN_64_TO_32_BIT_CONVERSION = YES;
				GCC_WARN_ABOUT_RETURN_TYPE = YES_ERROR;
				GCC_WARN_UNDECLARED_SELECTOR = YES;
				GCC_WARN_UNINITIALIZED_AUTOS = YES_AGGRESSIVE;
				GCC_WARN_UNUSED_FUNCTION = YES;
				GCC_WARN_UNUSED_VARIABLE = YES;
				IPHONEOS_DEPLOYMENT_TARGET = 8.1;
				MTL_ENABLE_DEBUG_INFO = YES;
				ONLY_ACTIVE_ARCH = YES;
				SDKROOT = iphoneos;
				TARGETED_DEVICE_FAMILY = "1,2";
			};
			name = Debug;
		};
		F230BC0D1A6BA78700273924 /* Release */ = {
			isa = XCBuildConfiguration;
			buildSettings = {
				ALWAYS_SEARCH_USER_PATHS = NO;
				CLANG_CXX_LANGUAGE_STANDARD = "gnu++0x";
				CLANG_CXX_LIBRARY = "libc++";
				CLANG_ENABLE_MODULES = YES;
				CLANG_ENABLE_OBJC_ARC = YES;
				CLANG_WARN_BOOL_CONVERSION = YES;
				CLANG_WARN_CONSTANT_CONVERSION = YES;
				CLANG_WARN_DIRECT_OBJC_ISA_USAGE = YES_ERROR;
				CLANG_WARN_EMPTY_BODY = YES;
				CLANG_WARN_ENUM_CONVERSION = YES;
				CLANG_WARN_INT_CONVERSION = YES;
				CLANG_WARN_OBJC_ROOT_CLASS = YES_ERROR;
				CLANG_WARN_UNREACHABLE_CODE = YES;
				CLANG_WARN__DUPLICATE_METHOD_MATCH = YES;
				"CODE_SIGN_IDENTITY[sdk=iphoneos*]" = "iPhone Developer";
				COPY_PHASE_STRIP = YES;
				ENABLE_NS_ASSERTIONS = NO;
				ENABLE_STRICT_OBJC_MSGSEND = YES;
				GCC_C_LANGUAGE_STANDARD = gnu99;
				GCC_WARN_64_TO_32_BIT_CONVERSION = YES;
				GCC_WARN_ABOUT_RETURN_TYPE = YES_ERROR;
				GCC_WARN_UNDECLARED_SELECTOR = YES;
				GCC_WARN_UNINITIALIZED_AUTOS = YES_AGGRESSIVE;
				GCC_WARN_UNUSED_FUNCTION = YES;
				GCC_WARN_UNUSED_VARIABLE = YES;
				IPHONEOS_DEPLOYMENT_TARGET = 8.1;
				MTL_ENABLE_DEBUG_INFO = NO;
				SDKROOT = iphoneos;
				TARGETED_DEVICE_FAMILY = "1,2";
				VALIDATE_PRODUCT = YES;
			};
			name = Release;
		};
		F230BC0F1A6BA78700273924 /* Debug */ = {
			isa = XCBuildConfiguration;
			buildSettings = {
				ASSETCATALOG_COMPILER_APPICON_NAME = AppIcon;
				INFOPLIST_FILE = Barter.Li/Info.plist;
				LD_RUNPATH_SEARCH_PATHS = "$(inherited) @executable_path/Frameworks";
				PRODUCT_NAME = "$(TARGET_NAME)";
			};
			name = Debug;
		};
		F230BC101A6BA78700273924 /* Release */ = {
			isa = XCBuildConfiguration;
			buildSettings = {
				ASSETCATALOG_COMPILER_APPICON_NAME = AppIcon;
				INFOPLIST_FILE = Barter.Li/Info.plist;
				LD_RUNPATH_SEARCH_PATHS = "$(inherited) @executable_path/Frameworks";
				PRODUCT_NAME = "$(TARGET_NAME)";
			};
			name = Release;
		};
		F230BC121A6BA78700273924 /* Debug */ = {
			isa = XCBuildConfiguration;
			buildSettings = {
				BUNDLE_LOADER = "$(TEST_HOST)";
				FRAMEWORK_SEARCH_PATHS = (
					"$(SDKROOT)/Developer/Library/Frameworks",
					"$(inherited)",
				);
				GCC_PREPROCESSOR_DEFINITIONS = (
					"DEBUG=1",
					"$(inherited)",
				);
				INFOPLIST_FILE = Barter.LiTests/Info.plist;
				LD_RUNPATH_SEARCH_PATHS = "$(inherited) @executable_path/Frameworks @loader_path/Frameworks";
				PRODUCT_NAME = "$(TARGET_NAME)";
				TEST_HOST = "$(BUILT_PRODUCTS_DIR)/Barter.Li.app/Barter.Li";
			};
			name = Debug;
		};
		F230BC131A6BA78700273924 /* Release */ = {
			isa = XCBuildConfiguration;
			buildSettings = {
				BUNDLE_LOADER = "$(TEST_HOST)";
				FRAMEWORK_SEARCH_PATHS = (
					"$(SDKROOT)/Developer/Library/Frameworks",
					"$(inherited)",
				);
				INFOPLIST_FILE = Barter.LiTests/Info.plist;
				LD_RUNPATH_SEARCH_PATHS = "$(inherited) @executable_path/Frameworks @loader_path/Frameworks";
				PRODUCT_NAME = "$(TARGET_NAME)";
				TEST_HOST = "$(BUILT_PRODUCTS_DIR)/Barter.Li.app/Barter.Li";
			};
			name = Release;
		};
/* End XCBuildConfiguration section */

/* Begin XCConfigurationList section */
		F230BBE31A6BA78700273924 /* Build configuration list for PBXProject "barter.li" */ = {
			isa = XCConfigurationList;
			buildConfigurations = (
				F230BC0C1A6BA78700273924 /* Debug */,
				F230BC0D1A6BA78700273924 /* Release */,
			);
			defaultConfigurationIsVisible = 0;
			defaultConfigurationName = Release;
		};
		F230BC0E1A6BA78700273924 /* Build configuration list for PBXNativeTarget "Barter.Li" */ = {
			isa = XCConfigurationList;
			buildConfigurations = (
				F230BC0F1A6BA78700273924 /* Debug */,
				F230BC101A6BA78700273924 /* Release */,
			);
			defaultConfigurationIsVisible = 0;
			defaultConfigurationName = Release;
		};
		F230BC111A6BA78700273924 /* Build configuration list for PBXNativeTarget "Barter.LiTests" */ = {
			isa = XCConfigurationList;
			buildConfigurations = (
				F230BC121A6BA78700273924 /* Debug */,
				F230BC131A6BA78700273924 /* Release */,
			);
			defaultConfigurationIsVisible = 0;
			defaultConfigurationName = Release;
		};
/* End XCConfigurationList section */

/* Begin XCVersionGroup section */
		F230BBF21A6BA78700273924 /* Barter_Li.xcdatamodeld */ = {
			isa = XCVersionGroup;
			children = (
				F230BBF31A6BA78700273924 /* Barter_Li.xcdatamodel */,
			);
			currentVersion = F230BBF31A6BA78700273924 /* Barter_Li.xcdatamodel */;
			path = Barter_Li.xcdatamodeld;
			sourceTree = "<group>";
			versionGroupType = wrapper.xcdatamodel;
		};
/* End XCVersionGroup section */
	};
	rootObject = F230BBE01A6BA78700273924 /* Project object */;
}
